
Microsoft Visual Studio Solution File, Format Version 12.00
# Visual Studio Version 17
VisualStudioVersion = 17.6.33801.468
MinimumVisualStudioVersion = 10.0.40219.1
Project("{FAE04EC0-301F-11D3-BF4B-00C04F79EFBC}") = "Exponents", "Exponents\Exponents.csproj", "{EE9604B5-E41D-41BE-81B7-E537A2470E10}"
EndProject
Global
	GlobalSection(SolutionConfigurationPlatforms) = preSolution
		Debug|Any CPU = Debug|Any CPU
		Release|Any CPU = Release|Any CPU
	EndGlobalSection
	GlobalSection(ProjectConfigurationPlatforms) = postSolution
		{EE9604B5-E41D-41BE-81B7-E537A2470E10}.Debug|Any CPU.ActiveCfg = Debug|Any CPU
		{EE9604B5-E41D-41BE-81B7-E537A2470E10}.Debug|Any CPU.Build.0 = Debug|Any CPU
		{EE9604B5-E41D-41BE-81B7-E537A2470E10}.Release|Any CPU.ActiveCfg = Release|Any CPU
		{EE9604B5-E41D-41BE-81B7-E537A2470E10}.Release|Any CPU.Build.0 = Release|Any CPU
	EndGlobalSection
	GlobalSection(SolutionProperties) = preSolution
		HideSolutionNode = FALSE
	EndGlobalSection
	GlobalSection(ExtensibilityGlobals) = postSolution
		SolutionGuid = {3284F477-20C8-404D-8BD1-AAE63610CB34}
	EndGlobalSection
EndGlobal
